// !$*UTF8*$!
{
	archiveVersion = 1;
	classes = {
	};
	objectVersion = 46;
	objects = {

/* Begin PBXBuildFile section */
		A2144E9A1B5EF06D006ACDCF /* AppDelegate.swift in Sources */ = {isa = PBXBuildFile; fileRef = A2144E991B5EF06D006ACDCF /* AppDelegate.swift */; };
		A2144E9C1B5EF06D006ACDCF /* ViewController.swift in Sources */ = {isa = PBXBuildFile; fileRef = A2144E9B1B5EF06D006ACDCF /* ViewController.swift */; };
		A2144E9F1B5EF06D006ACDCF /* Main.storyboard in Resources */ = {isa = PBXBuildFile; fileRef = A2144E9D1B5EF06D006ACDCF /* Main.storyboard */; };
		A2144EA11B5EF06D006ACDCF /* Images.xcassets in Resources */ = {isa = PBXBuildFile; fileRef = A2144EA01B5EF06D006ACDCF /* Images.xcassets */; };
		A2144EA41B5EF06D006ACDCF /* LaunchScreen.xib in Resources */ = {isa = PBXBuildFile; fileRef = A2144EA21B5EF06D006ACDCF /* LaunchScreen.xib */; };
		A2144EB01B5EF06D006ACDCF /* CoffeePLZTests.swift in Sources */ = {isa = PBXBuildFile; fileRef = A2144EAF1B5EF06D006ACDCF /* CoffeePLZTests.swift */; };
		A2144EBB1B5F06F9006ACDCF /* Bolts.framework in Frameworks */ = {isa = PBXBuildFile; fileRef = A2144EB91B5F06F9006ACDCF /* Bolts.framework */; };
		A2144EBC1B5F06F9006ACDCF /* Parse.framework in Frameworks */ = {isa = PBXBuildFile; fileRef = A2144EBA1B5F06F9006ACDCF /* Parse.framework */; };
		A2144EBE1B5F09F3006ACDCF /* AudioToolbox.framework in Frameworks */ = {isa = PBXBuildFile; fileRef = A2144EBD1B5F09F3006ACDCF /* AudioToolbox.framework */; };
		A2144EC01B601FA5006ACDCF /* CFNetwork.framework in Frameworks */ = {isa = PBXBuildFile; fileRef = A2144EBF1B601FA5006ACDCF /* CFNetwork.framework */; };
		A2144EC21B601FB0006ACDCF /* CoreGraphics.framework in Frameworks */ = {isa = PBXBuildFile; fileRef = A2144EC11B601FB0006ACDCF /* CoreGraphics.framework */; };
		A2144EC41B601FBB006ACDCF /* CoreLocation.framework in Frameworks */ = {isa = PBXBuildFile; fileRef = A2144EC31B601FBB006ACDCF /* CoreLocation.framework */; };
		A2144EC61B601FC2006ACDCF /* MobileCoreServices.framework in Frameworks */ = {isa = PBXBuildFile; fileRef = A2144EC51B601FC2006ACDCF /* MobileCoreServices.framework */; };
		A2144EC81B601FC8006ACDCF /* QuartzCore.framework in Frameworks */ = {isa = PBXBuildFile; fileRef = A2144EC71B601FC8006ACDCF /* QuartzCore.framework */; };
		A2144ECA1B601FD2006ACDCF /* Security.framework in Frameworks */ = {isa = PBXBuildFile; fileRef = A2144EC91B601FD2006ACDCF /* Security.framework */; };
		A2144ECC1B601FDC006ACDCF /* SystemConfiguration.framework in Frameworks */ = {isa = PBXBuildFile; fileRef = A2144ECB1B601FDC006ACDCF /* SystemConfiguration.framework */; };
		A2144ECE1B601FE6006ACDCF /* libz.dylib in Frameworks */ = {isa = PBXBuildFile; fileRef = A2144ECD1B601FE6006ACDCF /* libz.dylib */; };
		A2144ED01B601FEF006ACDCF /* libsqlite3.dylib in Frameworks */ = {isa = PBXBuildFile; fileRef = A2144ECF1B601FEF006ACDCF /* libsqlite3.dylib */; };
/* End PBXBuildFile section */

/* Begin PBXContainerItemProxy section */
		A2144EAA1B5EF06D006ACDCF /* PBXContainerItemProxy */ = {
			isa = PBXContainerItemProxy;
			containerPortal = A2144E8C1B5EF06D006ACDCF /* Project object */;
			proxyType = 1;
			remoteGlobalIDString = A2144E931B5EF06D006ACDCF;
			remoteInfo = CoffeePLZ;
		};
/* End PBXContainerItemProxy section */

/* Begin PBXFileReference section */
		A2144E941B5EF06D006ACDCF /* CoffeePLZ.app */ = {isa = PBXFileReference; explicitFileType = wrapper.application; includeInIndex = 0; path = CoffeePLZ.app; sourceTree = BUILT_PRODUCTS_DIR; };
		A2144E981B5EF06D006ACDCF /* Info.plist */ = {isa = PBXFileReference; lastKnownFileType = text.plist.xml; path = Info.plist; sourceTree = "<group>"; };
		A2144E991B5EF06D006ACDCF /* AppDelegate.swift */ = {isa = PBXFileReference; lastKnownFileType = sourcecode.swift; path = AppDelegate.swift; sourceTree = "<group>"; };
		A2144E9B1B5EF06D006ACDCF /* ViewController.swift */ = {isa = PBXFileReference; lastKnownFileType = sourcecode.swift; path = ViewController.swift; sourceTree = "<group>"; };
		A2144E9E1B5EF06D006ACDCF /* Base */ = {isa = PBXFileReference; lastKnownFileType = file.storyboard; name = Base; path = Base.lproj/Main.storyboard; sourceTree = "<group>"; };
		A2144EA01B5EF06D006ACDCF /* Images.xcassets */ = {isa = PBXFileReference; lastKnownFileType = folder.assetcatalog; path = Images.xcassets; sourceTree = "<group>"; };
		A2144EA31B5EF06D006ACDCF /* Base */ = {isa = PBXFileReference; lastKnownFileType = file.xib; name = Base; path = Base.lproj/LaunchScreen.xib; sourceTree = "<group>"; };
		A2144EA91B5EF06D006ACDCF /* CoffeePLZTests.xctest */ = {isa = PBXFileReference; explicitFileType = wrapper.cfbundle; includeInIndex = 0; path = CoffeePLZTests.xctest; sourceTree = BUILT_PRODUCTS_DIR; };
		A2144EAE1B5EF06D006ACDCF /* Info.plist */ = {isa = PBXFileReference; lastKnownFileType = text.plist.xml; path = Info.plist; sourceTree = "<group>"; };
		A2144EAF1B5EF06D006ACDCF /* CoffeePLZTests.swift */ = {isa = PBXFileReference; lastKnownFileType = sourcecode.swift; path = CoffeePLZTests.swift; sourceTree = "<group>"; };
		A2144EB91B5F06F9006ACDCF /* Bolts.framework */ = {isa = PBXFileReference; lastKnownFileType = wrapper.framework; path = Bolts.framework; sourceTree = "<group>"; };
		A2144EBA1B5F06F9006ACDCF /* Parse.framework */ = {isa = PBXFileReference; lastKnownFileType = wrapper.framework; path = Parse.framework; sourceTree = "<group>"; };
		A2144EBD1B5F09F3006ACDCF /* AudioToolbox.framework */ = {isa = PBXFileReference; lastKnownFileType = wrapper.framework; name = AudioToolbox.framework; path = System/Library/Frameworks/AudioToolbox.framework; sourceTree = SDKROOT; };
		A2144EBF1B601FA5006ACDCF /* CFNetwork.framework */ = {isa = PBXFileReference; lastKnownFileType = wrapper.framework; name = CFNetwork.framework; path = System/Library/Frameworks/CFNetwork.framework; sourceTree = SDKROOT; };
		A2144EC11B601FB0006ACDCF /* CoreGraphics.framework */ = {isa = PBXFileReference; lastKnownFileType = wrapper.framework; name = CoreGraphics.framework; path = System/Library/Frameworks/CoreGraphics.framework; sourceTree = SDKROOT; };
		A2144EC31B601FBB006ACDCF /* CoreLocation.framework */ = {isa = PBXFileReference; lastKnownFileType = wrapper.framework; name = CoreLocation.framework; path = System/Library/Frameworks/CoreLocation.framework; sourceTree = SDKROOT; };
		A2144EC51B601FC2006ACDCF /* MobileCoreServices.framework */ = {isa = PBXFileReference; lastKnownFileType = wrapper.framework; name = MobileCoreServices.framework; path = System/Library/Frameworks/MobileCoreServices.framework; sourceTree = SDKROOT; };
		A2144EC71B601FC8006ACDCF /* QuartzCore.framework */ = {isa = PBXFileReference; lastKnownFileType = wrapper.framework; name = QuartzCore.framework; path = System/Library/Frameworks/QuartzCore.framework; sourceTree = SDKROOT; };
		A2144EC91B601FD2006ACDCF /* Security.framework */ = {isa = PBXFileReference; lastKnownFileType = wrapper.framework; name = Security.framework; path = System/Library/Frameworks/Security.framework; sourceTree = SDKROOT; };
		A2144ECB1B601FDC006ACDCF /* SystemConfiguration.framework */ = {isa = PBXFileReference; lastKnownFileType = wrapper.framework; name = SystemConfiguration.framework; path = System/Library/Frameworks/SystemConfiguration.framework; sourceTree = SDKROOT; };
		A2144ECD1B601FE6006ACDCF /* libz.dylib */ = {isa = PBXFileReference; lastKnownFileType = "compiled.mach-o.dylib"; name = libz.dylib; path = usr/lib/libz.dylib; sourceTree = SDKROOT; };
		A2144ECF1B601FEF006ACDCF /* libsqlite3.dylib */ = {isa = PBXFileReference; lastKnownFileType = "compiled.mach-o.dylib"; name = libsqlite3.dylib; path = usr/lib/libsqlite3.dylib; sourceTree = SDKROOT; };
/* End PBXFileReference section */

/* Begin PBXFrameworksBuildPhase section */
		A2144E911B5EF06D006ACDCF /* Frameworks */ = {
			isa = PBXFrameworksBuildPhase;
			buildActionMask = 2147483647;
			files = (
				A2144ED01B601FEF006ACDCF /* libsqlite3.dylib in Frameworks */,
				A2144ECE1B601FE6006ACDCF /* libz.dylib in Frameworks */,
				A2144ECC1B601FDC006ACDCF /* SystemConfiguration.framework in Frameworks */,
				A2144ECA1B601FD2006ACDCF /* Security.framework in Frameworks */,
				A2144EC81B601FC8006ACDCF /* QuartzCore.framework in Frameworks */,
				A2144EC61B601FC2006ACDCF /* MobileCoreServices.framework in Frameworks */,
				A2144EC41B601FBB006ACDCF /* CoreLocation.framework in Frameworks */,
				A2144EC21B601FB0006ACDCF /* CoreGraphics.framework in Frameworks */,
				A2144EC01B601FA5006ACDCF /* CFNetwork.framework in Frameworks */,
				A2144EBE1B5F09F3006ACDCF /* AudioToolbox.framework in Frameworks */,
				A2144EBC1B5F06F9006ACDCF /* Parse.framework in Frameworks */,
				A2144EBB1B5F06F9006ACDCF /* Bolts.framework in Frameworks */,
			);
			runOnlyForDeploymentPostprocessing = 0;
		};
		A2144EA61B5EF06D006ACDCF /* Frameworks */ = {
			isa = PBXFrameworksBuildPhase;
			buildActionMask = 2147483647;
			files = (
			);
			runOnlyForDeploymentPostprocessing = 0;
		};
/* End PBXFrameworksBuildPhase section */

/* Begin PBXGroup section */
		A2144E8B1B5EF06D006ACDCF = {
			isa = PBXGroup;
			children = (
				A2144ECF1B601FEF006ACDCF /* libsqlite3.dylib */,
				A2144ECD1B601FE6006ACDCF /* libz.dylib */,
				A2144ECB1B601FDC006ACDCF /* SystemConfiguration.framework */,
				A2144EC91B601FD2006ACDCF /* Security.framework */,
				A2144EC71B601FC8006ACDCF /* QuartzCore.framework */,
				A2144EC51B601FC2006ACDCF /* MobileCoreServices.framework */,
				A2144EC31B601FBB006ACDCF /* CoreLocation.framework */,
				A2144EC11B601FB0006ACDCF /* CoreGraphics.framework */,
				A2144EBF1B601FA5006ACDCF /* CFNetwork.framework */,
				A2144EBD1B5F09F3006ACDCF /* AudioToolbox.framework */,
				A2144E961B5EF06D006ACDCF /* CoffeePLZ */,
				A2144EAC1B5EF06D006ACDCF /* CoffeePLZTests */,
				A2144E951B5EF06D006ACDCF /* Products */,
			);
			sourceTree = "<group>";
		};
		A2144E951B5EF06D006ACDCF /* Products */ = {
			isa = PBXGroup;
			children = (
				A2144E941B5EF06D006ACDCF /* CoffeePLZ.app */,
				A2144EA91B5EF06D006ACDCF /* CoffeePLZTests.xctest */,
			);
			name = Products;
			sourceTree = "<group>";
		};
		A2144E961B5EF06D006ACDCF /* CoffeePLZ */ = {
			isa = PBXGroup;
			children = (
				A2144EB91B5F06F9006ACDCF /* Bolts.framework */,
				A2144EBA1B5F06F9006ACDCF /* Parse.framework */,
				A2144E991B5EF06D006ACDCF /* AppDelegate.swift */,
				A2144E9B1B5EF06D006ACDCF /* ViewController.swift */,
				A2144E9D1B5EF06D006ACDCF /* Main.storyboard */,
				A2144EA01B5EF06D006ACDCF /* Images.xcassets */,
				A2144EA21B5EF06D006ACDCF /* LaunchScreen.xib */,
				A2144E971B5EF06D006ACDCF /* Supporting Files */,
			);
			path = CoffeePLZ;
			sourceTree = "<group>";
		};
		A2144E971B5EF06D006ACDCF /* Supporting Files */ = {
			isa = PBXGroup;
			children = (
				A2144E981B5EF06D006ACDCF /* Info.plist */,
			);
			name = "Supporting Files";
			sourceTree = "<group>";
		};
		A2144EAC1B5EF06D006ACDCF /* CoffeePLZTests */ = {
			isa = PBXGroup;
			children = (
				A2144EAF1B5EF06D006ACDCF /* CoffeePLZTests.swift */,
				A2144EAD1B5EF06D006ACDCF /* Supporting Files */,
			);
			path = CoffeePLZTests;
			sourceTree = "<group>";
		};
		A2144EAD1B5EF06D006ACDCF /* Supporting Files */ = {
			isa = PBXGroup;
			children = (
				A2144EAE1B5EF06D006ACDCF /* Info.plist */,
			);
			name = "Supporting Files";
			sourceTree = "<group>";
		};
/* End PBXGroup section */

/* Begin PBXNativeTarget section */
		A2144E931B5EF06D006ACDCF /* CoffeePLZ */ = {
			isa = PBXNativeTarget;
			buildConfigurationList = A2144EB31B5EF06D006ACDCF /* Build configuration list for PBXNativeTarget "CoffeePLZ" */;
			buildPhases = (
				A2144E901B5EF06D006ACDCF /* Sources */,
				A2144E911B5EF06D006ACDCF /* Frameworks */,
				A2144E921B5EF06D006ACDCF /* Resources */,
			);
			buildRules = (
			);
			dependencies = (
			);
			name = CoffeePLZ;
			productName = CoffeePLZ;
			productReference = A2144E941B5EF06D006ACDCF /* CoffeePLZ.app */;
			productType = "com.apple.product-type.application";
		};
		A2144EA81B5EF06D006ACDCF /* CoffeePLZTests */ = {
			isa = PBXNativeTarget;
			buildConfigurationList = A2144EB61B5EF06D006ACDCF /* Build configuration list for PBXNativeTarget "CoffeePLZTests" */;
			buildPhases = (
				A2144EA51B5EF06D006ACDCF /* Sources */,
				A2144EA61B5EF06D006ACDCF /* Frameworks */,
				A2144EA71B5EF06D006ACDCF /* Resources */,
			);
			buildRules = (
			);
			dependencies = (
				A2144EAB1B5EF06D006ACDCF /* PBXTargetDependency */,
			);
			name = CoffeePLZTests;
			productName = CoffeePLZTests;
			productReference = A2144EA91B5EF06D006ACDCF /* CoffeePLZTests.xctest */;
			productType = "com.apple.product-type.bundle.unit-test";
		};
/* End PBXNativeTarget section */

/* Begin PBXProject section */
		A2144E8C1B5EF06D006ACDCF /* Project object */ = {
			isa = PBXProject;
			attributes = {
				LastUpgradeCheck = 0640;
				ORGANIZATIONNAME = "alex fallah";
				TargetAttributes = {
					A2144E931B5EF06D006ACDCF = {
						CreatedOnToolsVersion = 6.4;
					};
					A2144EA81B5EF06D006ACDCF = {
						CreatedOnToolsVersion = 6.4;
						TestTargetID = A2144E931B5EF06D006ACDCF;
					};
				};
			};
			buildConfigurationList = A2144E8F1B5EF06D006ACDCF /* Build configuration list for PBXProject "CoffeePLZ" */;
			compatibilityVersion = "Xcode 3.2";
			developmentRegion = English;
			hasScannedForEncodings = 0;
			knownRegions = (
				en,
				Base,
			);
			mainGroup = A2144E8B1B5EF06D006ACDCF;
			productRefGroup = A2144E951B5EF06D006ACDCF /* Products */;
			projectDirPath = "";
			projectRoot = "";
			targets = (
				A2144E931B5EF06D006ACDCF /* CoffeePLZ */,
				A2144EA81B5EF06D006ACDCF /* CoffeePLZTests */,
			);
		};
/* End PBXProject section */

/* Begin PBXResourcesBuildPhase section */
		A2144E921B5EF06D006ACDCF /* Resources */ = {
			isa = PBXResourcesBuildPhase;
			buildActionMask = 2147483647;
			files = (
				A2144E9F1B5EF06D006ACDCF /* Main.storyboard in Resources */,
				A2144EA41B5EF06D006ACDCF /* LaunchScreen.xib in Resources */,
				A2144EA11B5EF06D006ACDCF /* Images.xcassets in Resources */,
			);
			runOnlyForDeploymentPostprocessing = 0;
		};
		A2144EA71B5EF06D006ACDCF /* Resources */ = {
			isa = PBXResourcesBuildPhase;
			buildActionMask = 2147483647;
			files = (
			);
			runOnlyForDeploymentPostprocessing = 0;
		};
/* End PBXResourcesBuildPhase section */

/* Begin PBXSourcesBuildPhase section */
		A2144E901B5EF06D006ACDCF /* Sources */ = {
			isa = PBXSourcesBuildPhase;
			buildActionMask = 2147483647;
			files = (
				A2144E9C1B5EF06D006ACDCF /* ViewController.swift in Sources */,
				A2144E9A1B5EF06D006ACDCF /* AppDelegate.swift in Sources */,
			);
			runOnlyForDeploymentPostprocessing = 0;
		};
		A2144EA51B5EF06D006ACDCF /* Sources */ = {
			isa = PBXSourcesBuildPhase;
			buildActionMask = 2147483647;
			files = (
				A2144EB01B5EF06D006ACDCF /* CoffeePLZTests.swift in Sources */,
			);
			runOnlyForDeploymentPostprocessing = 0;
		};
/* End PBXSourcesBuildPhase section */

/* Begin PBXTargetDependency section */
		A2144EAB1B5EF06D006ACDCF /* PBXTargetDependency */ = {
			isa = PBXTargetDependency;
			target = A2144E931B5EF06D006ACDCF /* CoffeePLZ */;
			targetProxy = A2144EAA1B5EF06D006ACDCF /* PBXContainerItemProxy */;
		};
/* End PBXTargetDependency section */

/* Begin PBXVariantGroup section */
		A2144E9D1B5EF06D006ACDCF /* Main.storyboard */ = {
			isa = PBXVariantGroup;
			children = (
				A2144E9E1B5EF06D006ACDCF /* Base */,
			);
			name = Main.storyboard;
			sourceTree = "<group>";
		};
		A2144EA21B5EF06D006ACDCF /* LaunchScreen.xib */ = {
			isa = PBXVariantGroup;
			children = (
				A2144EA31B5EF06D006ACDCF /* Base */,
			);
			name = LaunchScreen.xib;
			sourceTree = "<group>";
		};
/* End PBXVariantGroup section */

/* Begin XCBuildConfiguration section */
		A2144EB11B5EF06D006ACDCF /* Debug */ = {
			isa = XCBuildConfiguration;
			buildSettings = {
				ALWAYS_SEARCH_USER_PATHS = NO;
				CLANG_CXX_LANGUAGE_STANDARD = "gnu++0x";
				CLANG_CXX_LIBRARY = "libc++";
				CLANG_ENABLE_MODULES = YES;
				CLANG_ENABLE_OBJC_ARC = YES;
				CLANG_WARN_BOOL_CONVERSION = YES;
				CLANG_WARN_CONSTANT_CONVERSION = YES;
				CLANG_WARN_DIRECT_OBJC_ISA_USAGE = YES_ERROR;
				CLANG_WARN_EMPTY_BODY = YES;
				CLANG_WARN_ENUM_CONVERSION = YES;
				CLANG_WARN_INT_CONVERSION = YES;
				CLANG_WARN_OBJC_ROOT_CLASS = YES_ERROR;
				CLANG_WARN_UNREACHABLE_CODE = YES;
				CLANG_WARN__DUPLICATE_METHOD_MATCH = YES;
				"CODE_SIGN_IDENTITY[sdk=iphoneos*]" = "iPhone Developer";
				COPY_PHASE_STRIP = NO;
				DEBUG_INFORMATION_FORMAT = "dwarf-with-dsym";
				ENABLE_STRICT_OBJC_MSGSEND = YES;
				GCC_C_LANGUAGE_STANDARD = gnu99;
				GCC_DYNAMIC_NO_PIC = NO;
				GCC_NO_COMMON_BLOCKS = YES;
				GCC_OPTIMIZATION_LEVEL = 0;
				GCC_PREPROCESSOR_DEFINITIONS = (
					"DEBUG=1",
					"$(inherited)",
				);
				GCC_SYMBOLS_PRIVATE_EXTERN = NO;
				GCC_WARN_64_TO_32_BIT_CONVERSION = YES;
				GCC_WARN_ABOUT_RETURN_TYPE = YES_ERROR;
				GCC_WARN_UNDECLARED_SELECTOR = YES;
				GCC_WARN_UNINITIALIZED_AUTOS = YES_AGGRESSIVE;
				GCC_WARN_UNUSED_FUNCTION = YES;
				GCC_WARN_UNUSED_VARIABLE = YES;
				IPHONEOS_DEPLOYMENT_TARGET = 8.4;
				MTL_ENABLE_DEBUG_INFO = YES;
				ONLY_ACTIVE_ARCH = YES;
				SDKROOT = iphoneos;
				SWIFT_OPTIMIZATION_LEVEL = "-Onone";
			};
			name = Debug;
		};
		A2144EB21B5EF06D006ACDCF /* Release */ = {
			isa = XCBuildConfiguration;
			buildSettings = {
				ALWAYS_SEARCH_USER_PATHS = NO;
				CLANG_CXX_LANGUAGE_STANDARD = "gnu++0x";
				CLANG_CXX_LIBRARY = "libc++";
				CLANG_ENABLE_MODULES = YES;
				CLANG_ENABLE_OBJC_ARC = YES;
				CLANG_WARN_BOOL_CONVERSION = YES;
				CLANG_WARN_CONSTANT_CONVERSION = YES;
				CLANG_WARN_DIRECT_OBJC_ISA_USAGE = YES_ERROR;
				CLANG_WARN_EMPTY_BODY = YES;
				CLANG_WARN_ENUM_CONVERSION = YES;
				CLANG_WARN_INT_CONVERSION = YES;
				CLANG_WARN_OBJC_ROOT_CLASS = YES_ERROR;
				CLANG_WARN_UNREACHABLE_CODE = YES;
				CLANG_WARN__DUPLICATE_METHOD_MATCH = YES;
				"CODE_SIGN_IDENTITY[sdk=iphoneos*]" = "iPhone Developer";
				COPY_PHASE_STRIP = NO;
				DEBUG_INFORMATION_FORMAT = "dwarf-with-dsym";
				ENABLE_NS_ASSERTIONS = NO;
				ENABLE_STRICT_OBJC_MSGSEND = YES;
				GCC_C_LANGUAGE_STANDARD = gnu99;
				GCC_NO_COMMON_BLOCKS = YES;
				GCC_WARN_64_TO_32_BIT_CONVERSION = YES;
				GCC_WARN_ABOUT_RETURN_TYPE = YES_ERROR;
				GCC_WARN_UNDECLARED_SELECTOR = YES;
				GCC_WARN_UNINITIALIZED_AUTOS = YES_AGGRESSIVE;
				GCC_WARN_UNUSED_FUNCTION = YES;
				GCC_WARN_UNUSED_VARIABLE = YES;
				IPHONEOS_DEPLOYMENT_TARGET = 8.4;
				MTL_ENABLE_DEBUG_INFO = NO;
				SDKROOT = iphoneos;
				VALIDATE_PRODUCT = YES;
			};
			name = Release;
		};
		A2144EB41B5EF06D006ACDCF /* Debug */ = {
			isa = XCBuildConfiguration;
			buildSettings = {
				ASSETCATALOG_COMPILER_APPICON_NAME = AppIcon;
				FRAMEWORK_SEARCH_PATHS = (
					"$(inherited)",
					"$(PROJECT_DIR)/CoffeePLZ",
				);
				INFOPLIST_FILE = CoffeePLZ/Info.plist;
				LD_RUNPATH_SEARCH_PATHS = "$(inherited) @executable_path/Frameworks";
				PRODUCT_NAME = "$(TARGET_NAME)";
			};
			name = Debug;
		};
		A2144EB51B5EF06D006ACDCF /* Release */ = {
			isa = XCBuildConfiguration;
			buildSettings = {
				ASSETCATALOG_COMPILER_APPICON_NAME = AppIcon;
				FRAMEWORK_SEARCH_PATHS = (
					"$(inherited)",
					"$(PROJECT_DIR)/CoffeePLZ",
				);
				INFOPLIST_FILE = CoffeePLZ/Info.plist;
				LD_RUNPATH_SEARCH_PATHS = "$(inherited) @executable_path/Frameworks";
				PRODUCT_NAME = "$(TARGET_NAME)";
			};
			name = Release;
		};
		A2144EB71B5EF06D006ACDCF /* Debug */ = {
			isa = XCBuildConfiguration;
			buildSettings = {
				BUNDLE_LOADER = "$(TEST_HOST)";
				FRAMEWORK_SEARCH_PATHS = (
					"$(SDKROOT)/Developer/Library/Frameworks",
					"$(inherited)",
				);
				GCC_PREPROCESSOR_DEFINITIONS = (
					"DEBUG=1",
					"$(inherited)",
				);
				INFOPLIST_FILE = CoffeePLZTests/Info.plist;
				LD_RUNPATH_SEARCH_PATHS = "$(inherited) @executable_path/Frameworks @loader_path/Frameworks";
				PRODUCT_NAME = "$(TARGET_NAME)";
				TEST_HOST = "$(BUILT_PRODUCTS_DIR)/CoffeePLZ.app/CoffeePLZ";
			};
			name = Debug;
		};
		A2144EB81B5EF06D006ACDCF /* Release */ = {
			isa = XCBuildConfiguration;
			buildSettings = {
				BUNDLE_LOADER = "$(TEST_HOST)";
				FRAMEWORK_SEARCH_PATHS = (
					"$(SDKROOT)/Developer/Library/Frameworks",
					"$(inherited)",
				);
				INFOPLIST_FILE = CoffeePLZTests/Info.plist;
				LD_RUNPATH_SEARCH_PATHS = "$(inherited) @executable_path/Frameworks @loader_path/Frameworks";
				PRODUCT_NAME = "$(TARGET_NAME)";
				TEST_HOST = "$(BUILT_PRODUCTS_DIR)/CoffeePLZ.app/CoffeePLZ";
			};
			name = Release;
		};
/* End XCBuildConfiguration section */

/* Begin XCConfigurationList section */
		A2144E8F1B5EF06D006ACDCF /* Build configuration list for PBXProject "CoffeePLZ" */ = {
			isa = XCConfigurationList;
			buildConfigurations = (
				A2144EB11B5EF06D006ACDCF /* Debug */,
				A2144EB21B5EF06D006ACDCF /* Release */,
			);
			defaultConfigurationIsVisible = 0;
			defaultConfigurationName = Release;
		};
		A2144EB31B5EF06D006ACDCF /* Build configuration list for PBXNativeTarget "CoffeePLZ" */ = {
			isa = XCConfigurationList;
			buildConfigurations = (
				A2144EB41B5EF06D006ACDCF /* Debug */,
				A2144EB51B5EF06D006ACDCF /* Release */,
			);
			defaultConfigurationIsVisible = 0;
		};
		A2144EB61B5EF06D006ACDCF /* Build configuration list for PBXNativeTarget "CoffeePLZTests" */ = {
			isa = XCConfigurationList;
			buildConfigurations = (
				A2144EB71B5EF06D006ACDCF /* Debug */,
				A2144EB81B5EF06D006ACDCF /* Release */,
			);
			defaultConfigurationIsVisible = 0;
		};
/* End XCConfigurationList section */
	};
	rootObject = A2144E8C1B5EF06D006ACDCF /* Project object */;
}
